
Microsoft Visual Studio Solution File, Format Version 12.00
# Visual Studio 14
VisualStudioVersion = 14.0.25420.1
MinimumVisualStudioVersion = 10.0.40219.1
Project("{FAE04EC0-301F-11D3-BF4B-00C04F79EFBC}") = "UI", "UI\UI.csproj", "{2B2286D7-72F3-4C6B-A8F5-B3E07228B3B4}"
EndProject
Project("{FAE04EC0-301F-11D3-BF4B-00C04F79EFBC}") = "DAL", "DAL\DAL.csproj", "{BC719932-C193-47B8-BEEF-2C711EBC1EA5}"
EndProject
Global
	GlobalSection(SolutionConfigurationPlatforms) = preSolution
		Debug|Any CPU = Debug|Any CPU
		Release|Any CPU = Release|Any CPU
	EndGlobalSection
	GlobalSection(ProjectConfigurationPlatforms) = postSolution
		{2B2286D7-72F3-4C6B-A8F5-B3E07228B3B4}.Debug|Any CPU.ActiveCfg = Debug|Any CPU
		{2B2286D7-72F3-4C6B-A8F5-B3E07228B3B4}.Debug|Any CPU.Build.0 = Debug|Any CPU
		{2B2286D7-72F3-4C6B-A8F5-B3E07228B3B4}.Release|Any CPU.ActiveCfg = Release|Any CPU
		{2B2286D7-72F3-4C6B-A8F5-B3E07228B3B4}.Release|Any CPU.Build.0 = Release|Any CPU
		{BC719932-C193-47B8-BEEF-2C711EBC1EA5}.Debug|Any CPU.ActiveCfg = Debug|Any CPU
		{BC719932-C193-47B8-BEEF-2C711EBC1EA5}.Debug|Any CPU.Build.0 = Debug|Any CPU
		{BC719932-C193-47B8-BEEF-2C711EBC1EA5}.Release|Any CPU.ActiveCfg = Release|Any CPU
		{BC719932-C193-47B8-BEEF-2C711EBC1EA5}.Release|Any CPU.Build.0 = Release|Any CPU
	EndGlobalSection
	GlobalSection(SolutionProperties) = preSolution
		HideSolutionNode = FALSE
	EndGlobalSection
	GlobalSection(ExtensibilityGlobals) = postSolution
		SolutionGuid = {7551C50F-F93E-4F26-B059-81036C269438}
	EndGlobalSection
EndGlobal
